
Microsoft Visual Studio Solution File, Format Version 12.00
# Visual Studio 15
VisualStudioVersion = 15.0.28307.779
MinimumVisualStudioVersion = 10.0.40219.1
Project("{8BC9CEB8-8B4A-11D0-8D11-00A0C91BC942}") = "InventoryManagement", "InventoryManagement\InventoryManagement.vcxproj", "{9FA71A73-26F5-4FF3-ADC6-429F7A524E55}"
EndProject
Global
	GlobalSection(SolutionConfigurationPlatforms) = preSolution
		Debug|x64 = Debug|x64
		Debug|x86 = Debug|x86
		Release|x64 = Release|x64
		Release|x86 = Release|x86
	EndGlobalSection
	GlobalSection(ProjectConfigurationPlatforms) = postSolution
		{9FA71A73-26F5-4FF3-ADC6-429F7A524E55}.Debug|x64.ActiveCfg = Debug|x64
		{9FA71A73-26F5-4FF3-ADC6-429F7A524E55}.Debug|x64.Build.0 = Debug|x64
		{9FA71A73-26F5-4FF3-ADC6-429F7A524E55}.Debug|x86.ActiveCfg = Debug|Win32
		{9FA71A73-26F5-4FF3-ADC6-429F7A524E55}.Debug|x86.Build.0 = Debug|Win32
		{9FA71A73-26F5-4FF3-ADC6-429F7A524E55}.Release|x64.ActiveCfg = Release|x64
		{9FA71A73-26F5-4FF3-ADC6-429F7A524E55}.Release|x64.Build.0 = Release|x64
		{9FA71A73-26F5-4FF3-ADC6-429F7A524E55}.Release|x86.ActiveCfg = Release|Win32
		{9FA71A73-26F5-4FF3-ADC6-429F7A524E55}.Release|x86.Build.0 = Release|Win32
	EndGlobalSection
	GlobalSection(SolutionProperties) = preSolution
		HideSolutionNode = FALSE
	EndGlobalSection
	GlobalSection(ExtensibilityGlobals) = postSolution
		SolutionGuid = {72BA2CC0-2F70-4176-8112-0E34C9EF1603}
	EndGlobalSection
EndGlobal
